
Microsoft Visual Studio Solution File, Format Version 12.00
# Visual Studio Version 17
VisualStudioVersion = 17.12.35707.178 d17.12
MinimumVisualStudioVersion = 10.0.40219.1
Project("{FAE04EC0-301F-11D3-BF4B-00C04F79EFBC}") = "HotelATR.RealPortal0", "HotelATR.RealPortal0\HotelATR.RealPortal0.csproj", "{2C7C8D8B-F80D-4F68-B019-E089343CE87D}"
EndProject
Global
	GlobalSection(SolutionConfigurationPlatforms) = preSolution
		Debug|Any CPU = Debug|Any CPU
		Release|Any CPU = Release|Any CPU
	EndGlobalSection
	GlobalSection(ProjectConfigurationPlatforms) = postSolution
		{2C7C8D8B-F80D-4F68-B019-E089343CE87D}.Debug|Any CPU.ActiveCfg = Debug|Any CPU
		{2C7C8D8B-F80D-4F68-B019-E089343CE87D}.Debug|Any CPU.Build.0 = Debug|Any CPU
		{2C7C8D8B-F80D-4F68-B019-E089343CE87D}.Release|Any CPU.ActiveCfg = Release|Any CPU
		{2C7C8D8B-F80D-4F68-B019-E089343CE87D}.Release|Any CPU.Build.0 = Release|Any CPU
	EndGlobalSection
	GlobalSection(SolutionProperties) = preSolution
		HideSolutionNode = FALSE
	EndGlobalSection
EndGlobal
